
Microsoft Visual Studio Solution File, Format Version 12.00
# Visual Studio Version 17
VisualStudioVersion = 17.3.32922.545
MinimumVisualStudioVersion = 10.0.40219.1
Project("{FAE04EC0-301F-11D3-BF4B-00C04F79EFBC}") = "mathproject", "mathproject\mathproject.csproj", "{7150D0A0-396C-4120-BDB8-27AA7217C0EF}"
EndProject
Global
	GlobalSection(SolutionConfigurationPlatforms) = preSolution
		Debug|Any CPU = Debug|Any CPU
		Release|Any CPU = Release|Any CPU
	EndGlobalSection
	GlobalSection(ProjectConfigurationPlatforms) = postSolution
		{7150D0A0-396C-4120-BDB8-27AA7217C0EF}.Debug|Any CPU.ActiveCfg = Debug|Any CPU
		{7150D0A0-396C-4120-BDB8-27AA7217C0EF}.Debug|Any CPU.Build.0 = Debug|Any CPU
		{7150D0A0-396C-4120-BDB8-27AA7217C0EF}.Release|Any CPU.ActiveCfg = Release|Any CPU
		{7150D0A0-396C-4120-BDB8-27AA7217C0EF}.Release|Any CPU.Build.0 = Release|Any CPU
	EndGlobalSection
	GlobalSection(SolutionProperties) = preSolution
		HideSolutionNode = FALSE
	EndGlobalSection
	GlobalSection(ExtensibilityGlobals) = postSolution
		SolutionGuid = {EA869FA1-607A-46B5-9493-F364357CF1B6}
	EndGlobalSection
EndGlobal
